
Microsoft Visual Studio Solution File, Format Version 12.00
# Visual Studio Version 17
VisualStudioVersion = 17.5.33530.505
MinimumVisualStudioVersion = 10.0.40219.1
Project("{FAE04EC0-301F-11D3-BF4B-00C04F79EFBC}") = "WebApiTienda", "WebApiTienda.csproj", "{4AE39270-CB1C-4277-ADE7-960C4237A100}"
EndProject
Global
	GlobalSection(SolutionConfigurationPlatforms) = preSolution
		Debug|Any CPU = Debug|Any CPU
		Release|Any CPU = Release|Any CPU
	EndGlobalSection
	GlobalSection(ProjectConfigurationPlatforms) = postSolution
		{4AE39270-CB1C-4277-ADE7-960C4237A100}.Debug|Any CPU.ActiveCfg = Debug|Any CPU
		{4AE39270-CB1C-4277-ADE7-960C4237A100}.Debug|Any CPU.Build.0 = Debug|Any CPU
		{4AE39270-CB1C-4277-ADE7-960C4237A100}.Release|Any CPU.ActiveCfg = Release|Any CPU
		{4AE39270-CB1C-4277-ADE7-960C4237A100}.Release|Any CPU.Build.0 = Release|Any CPU
	EndGlobalSection
	GlobalSection(SolutionProperties) = preSolution
		HideSolutionNode = FALSE
	EndGlobalSection
	GlobalSection(ExtensibilityGlobals) = postSolution
		SolutionGuid = {8B9C4819-38FE-4224-A7C5-2EFF043C6C33}
	EndGlobalSection
EndGlobal
